
Microsoft Visual Studio Solution File, Format Version 12.00
# Visual Studio 15
VisualStudioVersion = 15.0.27130.2020
MinimumVisualStudioVersion = 10.0.40219.1
Project("{FAE04EC0-301F-11D3-BF4B-00C04F79EFBC}") = "DAL", "DAL\DAL.csproj", "{A85D9DD3-0B59-46BB-AFAF-9FB48FFED4E7}"
EndProject
Project("{FAE04EC0-301F-11D3-BF4B-00C04F79EFBC}") = "BLL", "BLL\BLL.csproj", "{84CDF831-2AD8-42A7-80D6-ECB2AB5F5847}"
EndProject
Project("{FAE04EC0-301F-11D3-BF4B-00C04F79EFBC}") = "CommContracts", "Contracts\CommContracts.csproj", "{EA1940A3-A5D4-4B0F-8A6F-6E75867F15AF}"
EndProject
Project("{FAE04EC0-301F-11D3-BF4B-00C04F79EFBC}") = "CommServer", "CommServer\CommServer.csproj", "{D5696E0E-783F-428B-9114-0B4781E64F46}"
EndProject
Project("{FAE04EC0-301F-11D3-BF4B-00C04F79EFBC}") = "CommClient", "CommClient\CommClient.csproj", "{AB36F953-CC8D-427C-A427-36DDB542F73C}"
EndProject
Project("{2150E333-8FDC-42A3-9474-1A3956D46DE8}") = "GUI", "GUI", "{274582DB-D6FE-40EA-B7FA-D0397CDDD958}"
EndProject
Project("{FAE04EC0-301F-11D3-BF4B-00C04F79EFBC}") = "HISGUI", "GUI\HISGUI\HISGUI.csproj", "{AABAD5D0-77D8-420F-AB70-67431005C7D8}"
EndProject
Project("{FAE04EC0-301F-11D3-BF4B-00C04F79EFBC}") = "HISGUICore", "GUI\HISGUICore\HISGUICore.csproj", "{8FE73F6F-1765-4814-885D-320D7694E890}"
EndProject
Project("{FAE04EC0-301F-11D3-BF4B-00C04F79EFBC}") = "HISGUILoginLib", "GUI\HISGUILoginLib\HISGUILoginLib.csproj", "{34122296-C8D6-4806-81C7-2C076CE0C2C0}"
EndProject
Project("{FAE04EC0-301F-11D3-BF4B-00C04F79EFBC}") = "HISGUIMenuLib", "GUI\HISGUIMenuLib\HISGUIMenuLib.csproj", "{26ACF1C5-0F92-4FF0-BA67-46AF7DDAF27C}"
EndProject
Project("{FAE04EC0-301F-11D3-BF4B-00C04F79EFBC}") = "HISGUIWorkstationLib", "GUI\HISGUIWorkstationLib\HISGUIWorkstationLib.csproj", "{68B779C1-B4D3-4D56-82B6-B8089076B3B2}"
EndProject
Project("{FAE04EC0-301F-11D3-BF4B-00C04F79EFBC}") = "HISGUINurseLib", "GUI\HISGUITriageLib\HISGUINurseLib.csproj", "{BF7BDBE0-1BDC-4654-9E24-8593CA8D77B0}"
EndProject
Project("{FAE04EC0-301F-11D3-BF4B-00C04F79EFBC}") = "HISGUIDoctorLib", "GUI\HISGUIClinicDoctorLib\HISGUIDoctorLib.csproj", "{00A42740-A68B-42A1-93F4-CEFA93F38CEE}"
EndProject
Project("{FAE04EC0-301F-11D3-BF4B-00C04F79EFBC}") = "HISGUIMedicineLib", "GUI\HISGUIMedicineLib\HISGUIMedicineLib.csproj", "{932AAA36-1B94-4823-B06D-3BAC95A2EB44}"
EndProject
Project("{FAE04EC0-301F-11D3-BF4B-00C04F79EFBC}") = "HISGUIFeeLib", "GUI\HISGUIFeeLib\HISGUIFeeLib.csproj", "{4FF5BDAF-3482-4212-A10D-660578A64511}"
EndProject
Project("{FAE04EC0-301F-11D3-BF4B-00C04F79EFBC}") = "HISGUISetLib", "GUI\HISGUISetLib\HISGUISetLib.csproj", "{6A7676C5-B89A-4A5E-8E6E-60436A34BB7B}"
EndProject
Project("{FAE04EC0-301F-11D3-BF4B-00C04F79EFBC}") = "HISGUIPatientCardLib", "GUI\HISGUIPatientCardLib\HISGUIPatientCardLib.csproj", "{4DA27E4C-0FBA-4834-9F27-73AA34CB7282}"
EndProject
Project("{FAE04EC0-301F-11D3-BF4B-00C04F79EFBC}") = "HISGUIRegistrationLib", "GUI\HISGUIRegistrationLib\HISGUIRegistrationLib.csproj", "{25AB3309-4C75-4A63-995C-190A2A296E6F}"
EndProject
Global
	GlobalSection(SolutionConfigurationPlatforms) = preSolution
		Debug|Any CPU = Debug|Any CPU
		Release|Any CPU = Release|Any CPU
	EndGlobalSection
	GlobalSection(ProjectConfigurationPlatforms) = postSolution
		{A85D9DD3-0B59-46BB-AFAF-9FB48FFED4E7}.Debug|Any CPU.ActiveCfg = Debug|Any CPU
		{A85D9DD3-0B59-46BB-AFAF-9FB48FFED4E7}.Debug|Any CPU.Build.0 = Debug|Any CPU
		{A85D9DD3-0B59-46BB-AFAF-9FB48FFED4E7}.Release|Any CPU.ActiveCfg = Release|Any CPU
		{A85D9DD3-0B59-46BB-AFAF-9FB48FFED4E7}.Release|Any CPU.Build.0 = Release|Any CPU
		{84CDF831-2AD8-42A7-80D6-ECB2AB5F5847}.Debug|Any CPU.ActiveCfg = Debug|Any CPU
		{84CDF831-2AD8-42A7-80D6-ECB2AB5F5847}.Debug|Any CPU.Build.0 = Debug|Any CPU
		{84CDF831-2AD8-42A7-80D6-ECB2AB5F5847}.Release|Any CPU.ActiveCfg = Release|Any CPU
		{84CDF831-2AD8-42A7-80D6-ECB2AB5F5847}.Release|Any CPU.Build.0 = Release|Any CPU
		{EA1940A3-A5D4-4B0F-8A6F-6E75867F15AF}.Debug|Any CPU.ActiveCfg = Debug|Any CPU
		{EA1940A3-A5D4-4B0F-8A6F-6E75867F15AF}.Debug|Any CPU.Build.0 = Debug|Any CPU
		{EA1940A3-A5D4-4B0F-8A6F-6E75867F15AF}.Release|Any CPU.ActiveCfg = Release|Any CPU
		{EA1940A3-A5D4-4B0F-8A6F-6E75867F15AF}.Release|Any CPU.Build.0 = Release|Any CPU
		{D5696E0E-783F-428B-9114-0B4781E64F46}.Debug|Any CPU.ActiveCfg = Debug|Any CPU
		{D5696E0E-783F-428B-9114-0B4781E64F46}.Debug|Any CPU.Build.0 = Debug|Any CPU
		{D5696E0E-783F-428B-9114-0B4781E64F46}.Release|Any CPU.ActiveCfg = Release|Any CPU
		{D5696E0E-783F-428B-9114-0B4781E64F46}.Release|Any CPU.Build.0 = Release|Any CPU
		{AB36F953-CC8D-427C-A427-36DDB542F73C}.Debug|Any CPU.ActiveCfg = Debug|Any CPU
		{AB36F953-CC8D-427C-A427-36DDB542F73C}.Debug|Any CPU.Build.0 = Debug|Any CPU
		{AB36F953-CC8D-427C-A427-36DDB542F73C}.Release|Any CPU.ActiveCfg = Release|Any CPU
		{AB36F953-CC8D-427C-A427-36DDB542F73C}.Release|Any CPU.Build.0 = Release|Any CPU
		{AABAD5D0-77D8-420F-AB70-67431005C7D8}.Debug|Any CPU.ActiveCfg = Debug|Any CPU
		{AABAD5D0-77D8-420F-AB70-67431005C7D8}.Debug|Any CPU.Build.0 = Debug|Any CPU
		{AABAD5D0-77D8-420F-AB70-67431005C7D8}.Release|Any CPU.ActiveCfg = Release|Any CPU
		{AABAD5D0-77D8-420F-AB70-67431005C7D8}.Release|Any CPU.Build.0 = Release|Any CPU
		{8FE73F6F-1765-4814-885D-320D7694E890}.Debug|Any CPU.ActiveCfg = Debug|Any CPU
		{8FE73F6F-1765-4814-885D-320D7694E890}.Debug|Any CPU.Build.0 = Debug|Any CPU
		{8FE73F6F-1765-4814-885D-320D7694E890}.Release|Any CPU.ActiveCfg = Release|Any CPU
		{8FE73F6F-1765-4814-885D-320D7694E890}.Release|Any CPU.Build.0 = Release|Any CPU
		{34122296-C8D6-4806-81C7-2C076CE0C2C0}.Debug|Any CPU.ActiveCfg = Debug|Any CPU
		{34122296-C8D6-4806-81C7-2C076CE0C2C0}.Debug|Any CPU.Build.0 = Debug|Any CPU
		{34122296-C8D6-4806-81C7-2C076CE0C2C0}.Release|Any CPU.ActiveCfg = Release|Any CPU
		{34122296-C8D6-4806-81C7-2C076CE0C2C0}.Release|Any CPU.Build.0 = Release|Any CPU
		{26ACF1C5-0F92-4FF0-BA67-46AF7DDAF27C}.Debug|Any CPU.ActiveCfg = Debug|Any CPU
		{26ACF1C5-0F92-4FF0-BA67-46AF7DDAF27C}.Debug|Any CPU.Build.0 = Debug|Any CPU
		{26ACF1C5-0F92-4FF0-BA67-46AF7DDAF27C}.Release|Any CPU.ActiveCfg = Release|Any CPU
		{26ACF1C5-0F92-4FF0-BA67-46AF7DDAF27C}.Release|Any CPU.Build.0 = Release|Any CPU
		{68B779C1-B4D3-4D56-82B6-B8089076B3B2}.Debug|Any CPU.ActiveCfg = Debug|Any CPU
		{68B779C1-B4D3-4D56-82B6-B8089076B3B2}.Debug|Any CPU.Build.0 = Debug|Any CPU
		{68B779C1-B4D3-4D56-82B6-B8089076B3B2}.Release|Any CPU.ActiveCfg = Release|Any CPU
		{68B779C1-B4D3-4D56-82B6-B8089076B3B2}.Release|Any CPU.Build.0 = Release|Any CPU
		{BF7BDBE0-1BDC-4654-9E24-8593CA8D77B0}.Debug|Any CPU.ActiveCfg = Debug|Any CPU
		{BF7BDBE0-1BDC-4654-9E24-8593CA8D77B0}.Debug|Any CPU.Build.0 = Debug|Any CPU
		{BF7BDBE0-1BDC-4654-9E24-8593CA8D77B0}.Release|Any CPU.ActiveCfg = Release|Any CPU
		{BF7BDBE0-1BDC-4654-9E24-8593CA8D77B0}.Release|Any CPU.Build.0 = Release|Any CPU
		{00A42740-A68B-42A1-93F4-CEFA93F38CEE}.Debug|Any CPU.ActiveCfg = Debug|Any CPU
		{00A42740-A68B-42A1-93F4-CEFA93F38CEE}.Debug|Any CPU.Build.0 = Debug|Any CPU
		{00A42740-A68B-42A1-93F4-CEFA93F38CEE}.Release|Any CPU.ActiveCfg = Release|Any CPU
		{00A42740-A68B-42A1-93F4-CEFA93F38CEE}.Release|Any CPU.Build.0 = Release|Any CPU
		{932AAA36-1B94-4823-B06D-3BAC95A2EB44}.Debug|Any CPU.ActiveCfg = Debug|Any CPU
		{932AAA36-1B94-4823-B06D-3BAC95A2EB44}.Debug|Any CPU.Build.0 = Debug|Any CPU
		{932AAA36-1B94-4823-B06D-3BAC95A2EB44}.Release|Any CPU.ActiveCfg = Release|Any CPU
		{932AAA36-1B94-4823-B06D-3BAC95A2EB44}.Release|Any CPU.Build.0 = Release|Any CPU
		{4FF5BDAF-3482-4212-A10D-660578A64511}.Debug|Any CPU.ActiveCfg = Debug|Any CPU
		{4FF5BDAF-3482-4212-A10D-660578A64511}.Debug|Any CPU.Build.0 = Debug|Any CPU
		{4FF5BDAF-3482-4212-A10D-660578A64511}.Release|Any CPU.ActiveCfg = Release|Any CPU
		{4FF5BDAF-3482-4212-A10D-660578A64511}.Release|Any CPU.Build.0 = Release|Any CPU
		{6A7676C5-B89A-4A5E-8E6E-60436A34BB7B}.Debug|Any CPU.ActiveCfg = Debug|Any CPU
		{6A7676C5-B89A-4A5E-8E6E-60436A34BB7B}.Debug|Any CPU.Build.0 = Debug|Any CPU
		{6A7676C5-B89A-4A5E-8E6E-60436A34BB7B}.Release|Any CPU.ActiveCfg = Release|Any CPU
		{6A7676C5-B89A-4A5E-8E6E-60436A34BB7B}.Release|Any CPU.Build.0 = Release|Any CPU
		{4DA27E4C-0FBA-4834-9F27-73AA34CB7282}.Debug|Any CPU.ActiveCfg = Debug|Any CPU
		{4DA27E4C-0FBA-4834-9F27-73AA34CB7282}.Debug|Any CPU.Build.0 = Debug|Any CPU
		{4DA27E4C-0FBA-4834-9F27-73AA34CB7282}.Release|Any CPU.ActiveCfg = Release|Any CPU
		{4DA27E4C-0FBA-4834-9F27-73AA34CB7282}.Release|Any CPU.Build.0 = Release|Any CPU
		{25AB3309-4C75-4A63-995C-190A2A296E6F}.Debug|Any CPU.ActiveCfg = Debug|Any CPU
		{25AB3309-4C75-4A63-995C-190A2A296E6F}.Debug|Any CPU.Build.0 = Debug|Any CPU
		{25AB3309-4C75-4A63-995C-190A2A296E6F}.Release|Any CPU.ActiveCfg = Release|Any CPU
		{25AB3309-4C75-4A63-995C-190A2A296E6F}.Release|Any CPU.Build.0 = Release|Any CPU
	EndGlobalSection
	GlobalSection(SolutionProperties) = preSolution
		HideSolutionNode = FALSE
	EndGlobalSection
	GlobalSection(NestedProjects) = preSolution
		{AABAD5D0-77D8-420F-AB70-67431005C7D8} = {274582DB-D6FE-40EA-B7FA-D0397CDDD958}
		{8FE73F6F-1765-4814-885D-320D7694E890} = {274582DB-D6FE-40EA-B7FA-D0397CDDD958}
		{34122296-C8D6-4806-81C7-2C076CE0C2C0} = {274582DB-D6FE-40EA-B7FA-D0397CDDD958}
		{26ACF1C5-0F92-4FF0-BA67-46AF7DDAF27C} = {274582DB-D6FE-40EA-B7FA-D0397CDDD958}
		{68B779C1-B4D3-4D56-82B6-B8089076B3B2} = {274582DB-D6FE-40EA-B7FA-D0397CDDD958}
		{BF7BDBE0-1BDC-4654-9E24-8593CA8D77B0} = {274582DB-D6FE-40EA-B7FA-D0397CDDD958}
		{00A42740-A68B-42A1-93F4-CEFA93F38CEE} = {274582DB-D6FE-40EA-B7FA-D0397CDDD958}
		{932AAA36-1B94-4823-B06D-3BAC95A2EB44} = {274582DB-D6FE-40EA-B7FA-D0397CDDD958}
		{4FF5BDAF-3482-4212-A10D-660578A64511} = {274582DB-D6FE-40EA-B7FA-D0397CDDD958}
		{6A7676C5-B89A-4A5E-8E6E-60436A34BB7B} = {274582DB-D6FE-40EA-B7FA-D0397CDDD958}
		{4DA27E4C-0FBA-4834-9F27-73AA34CB7282} = {274582DB-D6FE-40EA-B7FA-D0397CDDD958}
		{25AB3309-4C75-4A63-995C-190A2A296E6F} = {274582DB-D6FE-40EA-B7FA-D0397CDDD958}
	EndGlobalSection
	GlobalSection(ExtensibilityGlobals) = postSolution
		SolutionGuid = {304896B5-0175-4905-BFE1-700A7253AEC4}
	EndGlobalSection
EndGlobal
